
Microsoft Visual Studio Solution File, Format Version 12.00
# Visual Studio 2013
VisualStudioVersion = 12.0.40121.0
MinimumVisualStudioVersion = 10.0.40219.1
Project("{2150E333-8FDC-42A3-9474-1A3956D46DE8}") = "PEG", "PEG", "{D597E14E-7174-4F47-8E9F-F8CB94AE662B}"
EndProject
Project("{2150E333-8FDC-42A3-9474-1A3956D46DE8}") = "Solution Items", "Solution Items", "{2AED0B5E-31F5-4A31-997E-2A4F5EED7F2D}"
	ProjectSection(SolutionItems) = preProject
		.gitignore = .gitignore
		.gitmodules = .gitmodules
		LICENSE = LICENSE
		README.md = README.md
	EndProjectSection
EndProject
Project("{FAE04EC0-301F-11D3-BF4B-00C04F79EFBC}") = "Expr", "ParsingExpressionGrammar\Expr\Expr.csproj", "{EFF3E46C-89CB-4E15-84D3-BF7CE0D72B4B}"
EndProject
Project("{FAE04EC0-301F-11D3-BF4B-00C04F79EFBC}") = "Expr.Reify", "ParsingExpressionGrammar\Expr.Reify\Expr.Reify.csproj", "{0646D21E-DB97-480D-BDD3-F0A783F2BC84}"
EndProject
Project("{FAE04EC0-301F-11D3-BF4B-00C04F79EFBC}") = "Expr.Unify", "ParsingExpressionGrammar\Expr.Unify\Expr.Unify.csproj", "{C4F74BBB-98D6-462F-9D63-2590F646B9D3}"
EndProject
Project("{F2A71F9B-5D33-465A-A702-920D77279786}") = "ExprMathML", "ParsingExpressionGrammar\ExprMathML\ExprMathML.fsproj", "{3A21B2D0-02CB-4B1F-A9CC-1484F00EB4E4}"
EndProject
Project("{F2A71F9B-5D33-465A-A702-920D77279786}") = "ExprText", "ParsingExpressionGrammar\ExprText\ExprText.fsproj", "{3D169BB6-4E9A-4757-A82C-E9A20A8F7A94}"
EndProject
Project("{F2A71F9B-5D33-465A-A702-920D77279786}") = "ExprTransform", "ParsingExpressionGrammar\ExprTransform\ExprTransform.fsproj", "{B687B78F-FCEE-4D33-9C18-EA3EE3B3CEA2}"
EndProject
Project("{FAE04EC0-301F-11D3-BF4B-00C04F79EFBC}") = "Unicode", "ParsingExpressionGrammar\Unicode\Unicode.csproj", "{BEF41126-6DAC-4589-8DA5-21DD9FB06911}"
EndProject
Project("{FAE04EC0-301F-11D3-BF4B-00C04F79EFBC}") = "MathCog", "MathCog\MathCog.csproj", "{71ED2833-DDD7-43D4-8BDF-23FBB83D000C}"
EndProject
Global
	GlobalSection(SolutionConfigurationPlatforms) = preSolution
		Debug|Any CPU = Debug|Any CPU
		Debug|Mixed Platforms = Debug|Mixed Platforms
		Debug|x86 = Debug|x86
		Release|Any CPU = Release|Any CPU
		Release|Mixed Platforms = Release|Mixed Platforms
		Release|x86 = Release|x86
	EndGlobalSection
	GlobalSection(ProjectConfigurationPlatforms) = postSolution
		{EFF3E46C-89CB-4E15-84D3-BF7CE0D72B4B}.Debug|Any CPU.ActiveCfg = Debug|Any CPU
		{EFF3E46C-89CB-4E15-84D3-BF7CE0D72B4B}.Debug|Any CPU.Build.0 = Debug|Any CPU
		{EFF3E46C-89CB-4E15-84D3-BF7CE0D72B4B}.Debug|Mixed Platforms.ActiveCfg = Debug|Any CPU
		{EFF3E46C-89CB-4E15-84D3-BF7CE0D72B4B}.Debug|Mixed Platforms.Build.0 = Debug|Any CPU
		{EFF3E46C-89CB-4E15-84D3-BF7CE0D72B4B}.Debug|x86.ActiveCfg = Debug|Any CPU
		{EFF3E46C-89CB-4E15-84D3-BF7CE0D72B4B}.Release|Any CPU.ActiveCfg = Release|Any CPU
		{EFF3E46C-89CB-4E15-84D3-BF7CE0D72B4B}.Release|Any CPU.Build.0 = Release|Any CPU
		{EFF3E46C-89CB-4E15-84D3-BF7CE0D72B4B}.Release|Mixed Platforms.ActiveCfg = Release|Any CPU
		{EFF3E46C-89CB-4E15-84D3-BF7CE0D72B4B}.Release|Mixed Platforms.Build.0 = Release|Any CPU
		{EFF3E46C-89CB-4E15-84D3-BF7CE0D72B4B}.Release|x86.ActiveCfg = Release|Any CPU
		{0646D21E-DB97-480D-BDD3-F0A783F2BC84}.Debug|Any CPU.ActiveCfg = Debug|Any CPU
		{0646D21E-DB97-480D-BDD3-F0A783F2BC84}.Debug|Any CPU.Build.0 = Debug|Any CPU
		{0646D21E-DB97-480D-BDD3-F0A783F2BC84}.Debug|Mixed Platforms.ActiveCfg = Debug|Any CPU
		{0646D21E-DB97-480D-BDD3-F0A783F2BC84}.Debug|Mixed Platforms.Build.0 = Debug|Any CPU
		{0646D21E-DB97-480D-BDD3-F0A783F2BC84}.Debug|x86.ActiveCfg = Debug|Any CPU
		{0646D21E-DB97-480D-BDD3-F0A783F2BC84}.Release|Any CPU.ActiveCfg = Release|Any CPU
		{0646D21E-DB97-480D-BDD3-F0A783F2BC84}.Release|Any CPU.Build.0 = Release|Any CPU
		{0646D21E-DB97-480D-BDD3-F0A783F2BC84}.Release|Mixed Platforms.ActiveCfg = Release|Any CPU
		{0646D21E-DB97-480D-BDD3-F0A783F2BC84}.Release|Mixed Platforms.Build.0 = Release|Any CPU
		{0646D21E-DB97-480D-BDD3-F0A783F2BC84}.Release|x86.ActiveCfg = Release|Any CPU
		{C4F74BBB-98D6-462F-9D63-2590F646B9D3}.Debug|Any CPU.ActiveCfg = Debug|Any CPU
		{C4F74BBB-98D6-462F-9D63-2590F646B9D3}.Debug|Any CPU.Build.0 = Debug|Any CPU
		{C4F74BBB-98D6-462F-9D63-2590F646B9D3}.Debug|Mixed Platforms.ActiveCfg = Debug|Any CPU
		{C4F74BBB-98D6-462F-9D63-2590F646B9D3}.Debug|Mixed Platforms.Build.0 = Debug|Any CPU
		{C4F74BBB-98D6-462F-9D63-2590F646B9D3}.Debug|x86.ActiveCfg = Debug|Any CPU
		{C4F74BBB-98D6-462F-9D63-2590F646B9D3}.Release|Any CPU.ActiveCfg = Release|Any CPU
		{C4F74BBB-98D6-462F-9D63-2590F646B9D3}.Release|Any CPU.Build.0 = Release|Any CPU
		{C4F74BBB-98D6-462F-9D63-2590F646B9D3}.Release|Mixed Platforms.ActiveCfg = Release|Any CPU
		{C4F74BBB-98D6-462F-9D63-2590F646B9D3}.Release|Mixed Platforms.Build.0 = Release|Any CPU
		{C4F74BBB-98D6-462F-9D63-2590F646B9D3}.Release|x86.ActiveCfg = Release|Any CPU
		{3A21B2D0-02CB-4B1F-A9CC-1484F00EB4E4}.Debug|Any CPU.ActiveCfg = Debug|Any CPU
		{3A21B2D0-02CB-4B1F-A9CC-1484F00EB4E4}.Debug|Any CPU.Build.0 = Debug|Any CPU
		{3A21B2D0-02CB-4B1F-A9CC-1484F00EB4E4}.Debug|Mixed Platforms.ActiveCfg = Debug|Any CPU
		{3A21B2D0-02CB-4B1F-A9CC-1484F00EB4E4}.Debug|Mixed Platforms.Build.0 = Debug|Any CPU
		{3A21B2D0-02CB-4B1F-A9CC-1484F00EB4E4}.Debug|x86.ActiveCfg = Debug|Any CPU
		{3A21B2D0-02CB-4B1F-A9CC-1484F00EB4E4}.Release|Any CPU.ActiveCfg = Release|Any CPU
		{3A21B2D0-02CB-4B1F-A9CC-1484F00EB4E4}.Release|Any CPU.Build.0 = Release|Any CPU
		{3A21B2D0-02CB-4B1F-A9CC-1484F00EB4E4}.Release|Mixed Platforms.ActiveCfg = Release|Any CPU
		{3A21B2D0-02CB-4B1F-A9CC-1484F00EB4E4}.Release|Mixed Platforms.Build.0 = Release|Any CPU
		{3A21B2D0-02CB-4B1F-A9CC-1484F00EB4E4}.Release|x86.ActiveCfg = Release|Any CPU
		{3D169BB6-4E9A-4757-A82C-E9A20A8F7A94}.Debug|Any CPU.ActiveCfg = Debug|Any CPU
		{3D169BB6-4E9A-4757-A82C-E9A20A8F7A94}.Debug|Any CPU.Build.0 = Debug|Any CPU
		{3D169BB6-4E9A-4757-A82C-E9A20A8F7A94}.Debug|Mixed Platforms.ActiveCfg = Debug|Any CPU
		{3D169BB6-4E9A-4757-A82C-E9A20A8F7A94}.Debug|Mixed Platforms.Build.0 = Debug|Any CPU
		{3D169BB6-4E9A-4757-A82C-E9A20A8F7A94}.Debug|x86.ActiveCfg = Debug|Any CPU
		{3D169BB6-4E9A-4757-A82C-E9A20A8F7A94}.Release|Any CPU.ActiveCfg = Release|Any CPU
		{3D169BB6-4E9A-4757-A82C-E9A20A8F7A94}.Release|Any CPU.Build.0 = Release|Any CPU
		{3D169BB6-4E9A-4757-A82C-E9A20A8F7A94}.Release|Mixed Platforms.ActiveCfg = Release|Any CPU
		{3D169BB6-4E9A-4757-A82C-E9A20A8F7A94}.Release|Mixed Platforms.Build.0 = Release|Any CPU
		{3D169BB6-4E9A-4757-A82C-E9A20A8F7A94}.Release|x86.ActiveCfg = Release|Any CPU
		{B687B78F-FCEE-4D33-9C18-EA3EE3B3CEA2}.Debug|Any CPU.ActiveCfg = Debug|Any CPU
		{B687B78F-FCEE-4D33-9C18-EA3EE3B3CEA2}.Debug|Any CPU.Build.0 = Debug|Any CPU
		{B687B78F-FCEE-4D33-9C18-EA3EE3B3CEA2}.Debug|Mixed Platforms.ActiveCfg = Debug|Any CPU
		{B687B78F-FCEE-4D33-9C18-EA3EE3B3CEA2}.Debug|Mixed Platforms.Build.0 = Debug|Any CPU
		{B687B78F-FCEE-4D33-9C18-EA3EE3B3CEA2}.Debug|x86.ActiveCfg = Debug|Any CPU
		{B687B78F-FCEE-4D33-9C18-EA3EE3B3CEA2}.Release|Any CPU.ActiveCfg = Release|Any CPU
		{B687B78F-FCEE-4D33-9C18-EA3EE3B3CEA2}.Release|Any CPU.Build.0 = Release|Any CPU
		{B687B78F-FCEE-4D33-9C18-EA3EE3B3CEA2}.Release|Mixed Platforms.ActiveCfg = Release|Any CPU
		{B687B78F-FCEE-4D33-9C18-EA3EE3B3CEA2}.Release|Mixed Platforms.Build.0 = Release|Any CPU
		{B687B78F-FCEE-4D33-9C18-EA3EE3B3CEA2}.Release|x86.ActiveCfg = Release|Any CPU
		{BEF41126-6DAC-4589-8DA5-21DD9FB06911}.Debug|Any CPU.ActiveCfg = Debug|Any CPU
		{BEF41126-6DAC-4589-8DA5-21DD9FB06911}.Debug|Any CPU.Build.0 = Debug|Any CPU
		{BEF41126-6DAC-4589-8DA5-21DD9FB06911}.Debug|Mixed Platforms.ActiveCfg = Debug|Any CPU
		{BEF41126-6DAC-4589-8DA5-21DD9FB06911}.Debug|Mixed Platforms.Build.0 = Debug|Any CPU
		{BEF41126-6DAC-4589-8DA5-21DD9FB06911}.Debug|x86.ActiveCfg = Debug|Any CPU
		{BEF41126-6DAC-4589-8DA5-21DD9FB06911}.Release|Any CPU.ActiveCfg = Release|Any CPU
		{BEF41126-6DAC-4589-8DA5-21DD9FB06911}.Release|Any CPU.Build.0 = Release|Any CPU
		{BEF41126-6DAC-4589-8DA5-21DD9FB06911}.Release|Mixed Platforms.ActiveCfg = Release|Any CPU
		{BEF41126-6DAC-4589-8DA5-21DD9FB06911}.Release|Mixed Platforms.Build.0 = Release|Any CPU
		{BEF41126-6DAC-4589-8DA5-21DD9FB06911}.Release|x86.ActiveCfg = Release|Any CPU
		{71ED2833-DDD7-43D4-8BDF-23FBB83D000C}.Debug|Any CPU.ActiveCfg = Debug|Any CPU
		{71ED2833-DDD7-43D4-8BDF-23FBB83D000C}.Debug|Any CPU.Build.0 = Debug|Any CPU
		{71ED2833-DDD7-43D4-8BDF-23FBB83D000C}.Debug|Mixed Platforms.ActiveCfg = Debug|Any CPU
		{71ED2833-DDD7-43D4-8BDF-23FBB83D000C}.Debug|Mixed Platforms.Build.0 = Debug|Any CPU
		{71ED2833-DDD7-43D4-8BDF-23FBB83D000C}.Debug|x86.ActiveCfg = Debug|Any CPU
		{71ED2833-DDD7-43D4-8BDF-23FBB83D000C}.Release|Any CPU.ActiveCfg = Release|Any CPU
		{71ED2833-DDD7-43D4-8BDF-23FBB83D000C}.Release|Any CPU.Build.0 = Release|Any CPU
		{71ED2833-DDD7-43D4-8BDF-23FBB83D000C}.Release|Mixed Platforms.ActiveCfg = Release|Any CPU
		{71ED2833-DDD7-43D4-8BDF-23FBB83D000C}.Release|Mixed Platforms.Build.0 = Release|Any CPU
		{71ED2833-DDD7-43D4-8BDF-23FBB83D000C}.Release|x86.ActiveCfg = Release|Any CPU
	EndGlobalSection
	GlobalSection(SolutionProperties) = preSolution
		HideSolutionNode = FALSE
	EndGlobalSection
	GlobalSection(NestedProjects) = preSolution
		{EFF3E46C-89CB-4E15-84D3-BF7CE0D72B4B} = {D597E14E-7174-4F47-8E9F-F8CB94AE662B}
		{0646D21E-DB97-480D-BDD3-F0A783F2BC84} = {D597E14E-7174-4F47-8E9F-F8CB94AE662B}
		{C4F74BBB-98D6-462F-9D63-2590F646B9D3} = {D597E14E-7174-4F47-8E9F-F8CB94AE662B}
		{3A21B2D0-02CB-4B1F-A9CC-1484F00EB4E4} = {D597E14E-7174-4F47-8E9F-F8CB94AE662B}
		{3D169BB6-4E9A-4757-A82C-E9A20A8F7A94} = {D597E14E-7174-4F47-8E9F-F8CB94AE662B}
		{B687B78F-FCEE-4D33-9C18-EA3EE3B3CEA2} = {D597E14E-7174-4F47-8E9F-F8CB94AE662B}
		{BEF41126-6DAC-4589-8DA5-21DD9FB06911} = {D597E14E-7174-4F47-8E9F-F8CB94AE662B}
	EndGlobalSection
EndGlobal
